// !$*UTF8*$!
{
	archiveVersion = 1;
	classes = {
	};
	objectVersion = 46;
	objects = {

/* Begin PBXBuildFile section */
		5C0022732090981400335DBC /* WebDriverAgentLib.framework in Frameworks */ = {isa = PBXBuildFile; fileRef = 5C0022722090981300335DBC /* WebDriverAgentLib.framework */; };
		5C0022742090989A00335DBC /* WebDriverAgentLib.framework in Copy frameworks */ = {isa = PBXBuildFile; fileRef = 5C0022722090981300335DBC /* WebDriverAgentLib.framework */; settings = {ATTRIBUTES = (CodeSignOnCopy, RemoveHeadersOnCopy, ); }; };
		5C0022762091B80300335DBC /* RoutingHTTPServer.framework in Copy frameworks */ = {isa = PBXBuildFile; fileRef = 5C0022752091B80300335DBC /* RoutingHTTPServer.framework */; settings = {ATTRIBUTES = (CodeSignOnCopy, RemoveHeadersOnCopy, ); }; };
		EE9AB8011CAEE048008C271F /* UITestingUITests.m in Sources */ = {isa = PBXBuildFile; fileRef = EE9AB7FD1CAEE048008C271F /* UITestingUITests.m */; };
/* End PBXBuildFile section */

/* Begin PBXCopyFilesBuildPhase section */
		EE93CFF41CCA501300708122 /* Copy frameworks */ = {
			isa = PBXCopyFilesBuildPhase;
			buildActionMask = 12;
			dstPath = "";
			dstSubfolderSpec = 10;
			files = (
				5C0022762091B80300335DBC /* RoutingHTTPServer.framework in Copy frameworks */,
				5C0022742090989A00335DBC /* WebDriverAgentLib.framework in Copy frameworks */,
			);
			name = "Copy frameworks";
			runOnlyForDeploymentPostprocessing = 0;
		};
/* End PBXCopyFilesBuildPhase section */

/* Begin PBXFileReference section */
		5C0022722090981300335DBC /* WebDriverAgentLib.framework */ = {isa = PBXFileReference; lastKnownFileType = wrapper.framework; name = WebDriverAgentLib.framework; path = WebDriverAgentLib/WebDriverAgentLib.framework; sourceTree = "<group>"; };
		5C0022752091B80300335DBC /* RoutingHTTPServer.framework */ = {isa = PBXFileReference; lastKnownFileType = wrapper.framework; name = RoutingHTTPServer.framework; path = WebDriverAgentLib/WebDriverAgentLib.framework/Frameworks/RoutingHTTPServer.framework; sourceTree = "<group>"; };
		AD42DD2A1CF121E600806E5D /* module.modulemap */ = {isa = PBXFileReference; lastKnownFileType = "sourcecode.module-map"; path = module.modulemap; sourceTree = "<group>"; };
		EE9AB7FC1CAEE048008C271F /* Info.plist */ = {isa = PBXFileReference; fileEncoding = 4; lastKnownFileType = text.plist.xml; name = Info.plist; path = WebDriverAgentRunner/Info.plist; sourceTree = SOURCE_ROOT; };
		EE9AB7FD1CAEE048008C271F /* UITestingUITests.m */ = {isa = PBXFileReference; fileEncoding = 4; lastKnownFileType = sourcecode.c.objc; name = UITestingUITests.m; path = WebDriverAgentRunner/UITestingUITests.m; sourceTree = SOURCE_ROOT; };
		EE9AB8031CAEE182008C271F /* build.sh */ = {isa = PBXFileReference; lastKnownFileType = text.script.sh; path = build.sh; sourceTree = "<group>"; };
		EEE4C66A1CDFA21F00A386A2 /* bootstrap.sh */ = {isa = PBXFileReference; lastKnownFileType = text.script.sh; path = bootstrap.sh; sourceTree = "<group>"; };
		EEE5CABF1C80361500CBBDD9 /* ProjectSettings.xcconfig */ = {isa = PBXFileReference; lastKnownFileType = text.xcconfig; path = ProjectSettings.xcconfig; sourceTree = "<group>"; };
		EEF9882A1C486603005CA669 /* WebDriverAgentRunner.xctest */ = {isa = PBXFileReference; explicitFileType = wrapper.cfbundle; includeInIndex = 0; path = WebDriverAgentRunner.xctest; sourceTree = BUILT_PRODUCTS_DIR; };
/* End PBXFileReference section */

/* Begin PBXFrameworksBuildPhase section */
		EEF988271C486603005CA669 /* Frameworks */ = {
			isa = PBXFrameworksBuildPhase;
			buildActionMask = 2147483647;
			files = (
				5C0022732090981400335DBC /* WebDriverAgentLib.framework in Frameworks */,
			);
			runOnlyForDeploymentPostprocessing = 0;
		};
/* End PBXFrameworksBuildPhase section */

/* Begin PBXGroup section */
		91F9DAE01B99DBC2001349B2 = {
			isa = PBXGroup;
			children = (
				5C0022752091B80300335DBC /* RoutingHTTPServer.framework */,
				EEE5CABE1C80361500CBBDD9 /* Configurations */,
				EEF988341C486655005CA669 /* WebDriverAgentRunner */,
				EE9AB8021CAEE182008C271F /* Scripts */,
				91F9DAEA1B99DBC2001349B2 /* Products */,
				B6E83A410C45944B036B6B0F /* Frameworks */,
				AD42DD291CF121E600806E5D /* Modules */,
			);
			indentWidth = 2;
			sourceTree = "<group>";
			tabWidth = 2;
			usesTabs = 0;
		};
		91F9DAEA1B99DBC2001349B2 /* Products */ = {
			isa = PBXGroup;
			children = (
				EEF9882A1C486603005CA669 /* WebDriverAgentRunner.xctest */,
			);
			name = Products;
			sourceTree = "<group>";
		};
		AD42DD291CF121E600806E5D /* Modules */ = {
			isa = PBXGroup;
			children = (
				AD42DD2A1CF121E600806E5D /* module.modulemap */,
			);
			path = Modules;
			sourceTree = "<group>";
		};
		B6E83A410C45944B036B6B0F /* Frameworks */ = {
			isa = PBXGroup;
			children = (
				5C0022722090981300335DBC /* WebDriverAgentLib.framework */,
			);
			name = Frameworks;
			sourceTree = "<group>";
		};
		EE9AB8021CAEE182008C271F /* Scripts */ = {
			isa = PBXGroup;
			children = (
				EEE4C66A1CDFA21F00A386A2 /* bootstrap.sh */,
				EE9AB8031CAEE182008C271F /* build.sh */,
			);
			path = Scripts;
			sourceTree = "<group>";
		};
		EEE5CABE1C80361500CBBDD9 /* Configurations */ = {
			isa = PBXGroup;
			children = (
				EEE5CABF1C80361500CBBDD9 /* ProjectSettings.xcconfig */,
			);
			path = Configurations;
			sourceTree = "<group>";
		};
		EEF988341C486655005CA669 /* WebDriverAgentRunner */ = {
			isa = PBXGroup;
			children = (
				EE9AB7FC1CAEE048008C271F /* Info.plist */,
				EE9AB7FD1CAEE048008C271F /* UITestingUITests.m */,
			);
			name = WebDriverAgentRunner;
			path = XCTUITestRunner;
			sourceTree = SOURCE_ROOT;
		};
/* End PBXGroup section */

/* Begin PBXNativeTarget section */
		EEF988291C486603005CA669 /* WebDriverAgentRunner */ = {
			isa = PBXNativeTarget;
			buildConfigurationList = EEF988311C486604005CA669 /* Build configuration list for PBXNativeTarget "WebDriverAgentRunner" */;
			buildPhases = (
				EEF988261C486603005CA669 /* Sources */,
				EEF988271C486603005CA669 /* Frameworks */,
				EEF988281C486603005CA669 /* Resources */,
				EE93CFF41CCA501300708122 /* Copy frameworks */,
			);
			buildRules = (
			);
			dependencies = (
			);
			name = WebDriverAgentRunner;
			productName = XCTUITestRunner;
			productReference = EEF9882A1C486603005CA669 /* WebDriverAgentRunner.xctest */;
			productType = "com.apple.product-type.bundle.ui-testing";
		};
/* End PBXNativeTarget section */

/* Begin PBXProject section */
		91F9DAE11B99DBC2001349B2 /* Project object */ = {
			isa = PBXProject;
			attributes = {
				LastSwiftUpdateCheck = 0730;
				LastUpgradeCheck = 0900;
				ORGANIZATIONNAME = Facebook;
				TargetAttributes = {
					EEF988291C486603005CA669 = {
						CreatedOnToolsVersion = 7.2;
						DevelopmentTeam = Y5XSKGNC2D;
					};
				};
			};
			buildConfigurationList = 91F9DAE41B99DBC2001349B2 /* Build configuration list for PBXProject "WebDriverAgent" */;
			compatibilityVersion = "Xcode 3.2";
			developmentRegion = English;
			hasScannedForEncodings = 0;
			knownRegions = (
				en,
				Base,
				English,
			);
			mainGroup = 91F9DAE01B99DBC2001349B2;
			productRefGroup = 91F9DAEA1B99DBC2001349B2 /* Products */;
			projectDirPath = "";
			projectRoot = "";
			targets = (
				EEF988291C486603005CA669 /* WebDriverAgentRunner */,
			);
		};
/* End PBXProject section */

/* Begin PBXResourcesBuildPhase section */
		EEF988281C486603005CA669 /* Resources */ = {
			isa = PBXResourcesBuildPhase;
			buildActionMask = 2147483647;
			files = (
			);
			runOnlyForDeploymentPostprocessing = 0;
		};
/* End PBXResourcesBuildPhase section */

/* Begin PBXSourcesBuildPhase section */
		EEF988261C486603005CA669 /* Sources */ = {
			isa = PBXSourcesBuildPhase;
			buildActionMask = 2147483647;
			files = (
				EE9AB8011CAEE048008C271F /* UITestingUITests.m in Sources */,
			);
			runOnlyForDeploymentPostprocessing = 0;
		};
/* End PBXSourcesBuildPhase section */

/* Begin XCBuildConfiguration section */
		91F9DB0A1B99DBC2001349B2 /* Debug */ = {
			isa = XCBuildConfiguration;
			buildSettings = {
				ALWAYS_SEARCH_USER_PATHS = NO;
				CLANG_ALLOW_NON_MODULAR_INCLUDES_IN_FRAMEWORK_MODULES = YES;
				CLANG_ANALYZER_LOCALIZABILITY_NONLOCALIZED = YES;
				CLANG_CXX_LANGUAGE_STANDARD = "gnu++0x";
				CLANG_CXX_LIBRARY = "libc++";
				CLANG_ENABLE_MODULES = YES;
				CLANG_ENABLE_OBJC_ARC = YES;
				CLANG_WARN_BLOCK_CAPTURE_AUTORELEASING = YES;
				CLANG_WARN_BOOL_CONVERSION = YES;
				CLANG_WARN_COMMA = YES;
				CLANG_WARN_CONSTANT_CONVERSION = YES;
				CLANG_WARN_DIRECT_OBJC_ISA_USAGE = YES_ERROR;
				CLANG_WARN_EMPTY_BODY = YES;
				CLANG_WARN_ENUM_CONVERSION = YES;
				CLANG_WARN_INFINITE_RECURSION = YES;
				CLANG_WARN_INT_CONVERSION = YES;
				CLANG_WARN_NON_LITERAL_NULL_CONVERSION = YES;
				CLANG_WARN_OBJC_LITERAL_CONVERSION = YES;
				CLANG_WARN_OBJC_ROOT_CLASS = YES_ERROR;
				CLANG_WARN_RANGE_LOOP_ANALYSIS = YES;
				CLANG_WARN_STRICT_PROTOTYPES = YES;
				CLANG_WARN_SUSPICIOUS_MOVE = YES;
				CLANG_WARN_UNREACHABLE_CODE = YES;
				CLANG_WARN__DUPLICATE_METHOD_MATCH = YES;
				"CODE_SIGN_IDENTITY[sdk=iphoneos*]" = "iPhone Developer";
				COPY_PHASE_STRIP = NO;
				DEBUG_INFORMATION_FORMAT = "dwarf-with-dsym";
				ENABLE_BITCODE = NO;
				ENABLE_STRICT_OBJC_MSGSEND = YES;
				ENABLE_TESTABILITY = YES;
				GCC_C_LANGUAGE_STANDARD = gnu99;
				GCC_DYNAMIC_NO_PIC = NO;
				GCC_NO_COMMON_BLOCKS = YES;
				GCC_OPTIMIZATION_LEVEL = 0;
				GCC_PREPROCESSOR_DEFINITIONS = (
					"DEBUG=1",
					"$(inherited)",
				);
				GCC_SYMBOLS_PRIVATE_EXTERN = NO;
				GCC_WARN_64_TO_32_BIT_CONVERSION = YES;
				GCC_WARN_ABOUT_RETURN_TYPE = YES_ERROR;
				GCC_WARN_UNDECLARED_SELECTOR = YES;
				GCC_WARN_UNINITIALIZED_AUTOS = YES_AGGRESSIVE;
				GCC_WARN_UNUSED_FUNCTION = YES;
				GCC_WARN_UNUSED_VARIABLE = YES;
				HEADER_SEARCH_PATHS = (
					"$(SDKROOT)/usr/include/libxml2",
					"$(SRCROOT)/Modules",
				);
				IPHONEOS_DEPLOYMENT_TARGET = 9.1;
				MTL_ENABLE_DEBUG_INFO = YES;
				ONLY_ACTIVE_ARCH = YES;
				SDKROOT = iphoneos;
				TARGETED_DEVICE_FAMILY = "1,2";
			};
			name = Debug;
		};
		91F9DB0B1B99DBC2001349B2 /* Release */ = {
			isa = XCBuildConfiguration;
			buildSettings = {
				ALWAYS_SEARCH_USER_PATHS = NO;
				CLANG_ALLOW_NON_MODULAR_INCLUDES_IN_FRAMEWORK_MODULES = YES;
				CLANG_ANALYZER_LOCALIZABILITY_NONLOCALIZED = YES;
				CLANG_CXX_LANGUAGE_STANDARD = "gnu++0x";
				CLANG_CXX_LIBRARY = "libc++";
				CLANG_ENABLE_MODULES = YES;
				CLANG_ENABLE_OBJC_ARC = YES;
				CLANG_WARN_BLOCK_CAPTURE_AUTORELEASING = YES;
				CLANG_WARN_BOOL_CONVERSION = YES;
				CLANG_WARN_COMMA = YES;
				CLANG_WARN_CONSTANT_CONVERSION = YES;
				CLANG_WARN_DIRECT_OBJC_ISA_USAGE = YES_ERROR;
				CLANG_WARN_EMPTY_BODY = YES;
				CLANG_WARN_ENUM_CONVERSION = YES;
				CLANG_WARN_INFINITE_RECURSION = YES;
				CLANG_WARN_INT_CONVERSION = YES;
				CLANG_WARN_NON_LITERAL_NULL_CONVERSION = YES;
				CLANG_WARN_OBJC_LITERAL_CONVERSION = YES;
				CLANG_WARN_OBJC_ROOT_CLASS = YES_ERROR;
				CLANG_WARN_RANGE_LOOP_ANALYSIS = YES;
				CLANG_WARN_STRICT_PROTOTYPES = YES;
				CLANG_WARN_SUSPICIOUS_MOVE = YES;
				CLANG_WARN_UNREACHABLE_CODE = YES;
				CLANG_WARN__DUPLICATE_METHOD_MATCH = YES;
				"CODE_SIGN_IDENTITY[sdk=iphoneos*]" = "iPhone Developer";
				COPY_PHASE_STRIP = NO;
				DEBUG_INFORMATION_FORMAT = "dwarf-with-dsym";
				ENABLE_BITCODE = NO;
				ENABLE_NS_ASSERTIONS = NO;
				ENABLE_STRICT_OBJC_MSGSEND = YES;
				GCC_C_LANGUAGE_STANDARD = gnu99;
				GCC_NO_COMMON_BLOCKS = YES;
				GCC_PREPROCESSOR_DEFINITIONS = "DEBUG=0";
				GCC_WARN_64_TO_32_BIT_CONVERSION = YES;
				GCC_WARN_ABOUT_RETURN_TYPE = YES_ERROR;
				GCC_WARN_UNDECLARED_SELECTOR = YES;
				GCC_WARN_UNINITIALIZED_AUTOS = YES_AGGRESSIVE;
				GCC_WARN_UNUSED_FUNCTION = YES;
				GCC_WARN_UNUSED_VARIABLE = YES;
				HEADER_SEARCH_PATHS = (
					"$(SDKROOT)/usr/include/libxml2",
					"$(SRCROOT)/Modules",
				);
				IPHONEOS_DEPLOYMENT_TARGET = 9.1;
				MTL_ENABLE_DEBUG_INFO = NO;
				SDKROOT = iphoneos;
				TARGETED_DEVICE_FAMILY = "1,2";
				VALIDATE_PRODUCT = YES;
			};
			name = Release;
		};
		EEF988321C486604005CA669 /* Debug */ = {
			isa = XCBuildConfiguration;
			baseConfigurationReference = EEE5CABF1C80361500CBBDD9 /* ProjectSettings.xcconfig */;
			buildSettings = {
				CLANG_STATIC_ANALYZER_MODE = deep;
				DEBUG_INFORMATION_FORMAT = dwarf;
				DEVELOPMENT_TEAM = Y5XSKGNC2D;
				FRAMEWORK_SEARCH_PATHS = (
					"$(inherited)",
					"$(PROJECT_DIR)/Carthage/Build/iOS",
					"$(PROJECT_DIR)/WebDriverAgentLib",
				);
				INFOPLIST_FILE = WebDriverAgentRunner/Info.plist;
				IPHONEOS_DEPLOYMENT_TARGET = 9.3;
				LD_RUNPATH_SEARCH_PATHS = "$(inherited) @executable_path/Frameworks @loader_path/Frameworks";
				OTHER_LDFLAGS = (
					"$(inherited)",
					"-all_load",
				);
				PRODUCT_BUNDLE_IDENTIFIER = com.netease.WebDriverAgentRunner;
				PRODUCT_NAME = "$(TARGET_NAME)";
				USES_XCTRUNNER = YES;
			};
			name = Debug;
		};
		EEF988331C486604005CA669 /* Release */ = {
			isa = XCBuildConfiguration;
			baseConfigurationReference = EEE5CABF1C80361500CBBDD9 /* ProjectSettings.xcconfig */;
			buildSettings = {
				CLANG_STATIC_ANALYZER_MODE = deep;
				DEVELOPMENT_TEAM = Y5XSKGNC2D;
				FRAMEWORK_SEARCH_PATHS = (
					"$(inherited)",
					"$(PROJECT_DIR)/Carthage/Build/iOS",
					"$(PROJECT_DIR)/WebDriverAgentLib",
				);
				INFOPLIST_FILE = WebDriverAgentRunner/Info.plist;
				IPHONEOS_DEPLOYMENT_TARGET = 9.3;
				LD_RUNPATH_SEARCH_PATHS = "$(inherited) @executable_path/Frameworks @loader_path/Frameworks";
				OTHER_LDFLAGS = (
					"$(inherited)",
					"-all_load",
				);
				PRODUCT_BUNDLE_IDENTIFIER = com.netease.WebDriverAgentRunner;
				PRODUCT_NAME = "$(TARGET_NAME)";
				USES_XCTRUNNER = YES;
			};
			name = Release;
		};
/* End XCBuildConfiguration section */

/* Begin XCConfigurationList section */
		91F9DAE41B99DBC2001349B2 /* Build configuration list for PBXProject "WebDriverAgent" */ = {
			isa = XCConfigurationList;
			buildConfigurations = (
				91F9DB0A1B99DBC2001349B2 /* Debug */,
				91F9DB0B1B99DBC2001349B2 /* Release */,
			);
			defaultConfigurationIsVisible = 0;
			defaultConfigurationName = Release;
		};
		EEF988311C486604005CA669 /* Build configuration list for PBXNativeTarget "WebDriverAgentRunner" */ = {
			isa = XCConfigurationList;
			buildConfigurations = (
				EEF988321C486604005CA669 /* Debug */,
				EEF988331C486604005CA669 /* Release */,
			);
			defaultConfigurationIsVisible = 0;
			defaultConfigurationName = Release;
		};
/* End XCConfigurationList section */
	};
	rootObject = 91F9DAE11B99DBC2001349B2 /* Project object */;
}
